
Microsoft Visual Studio Solution File, Format Version 12.00
# Visual Studio Version 16
VisualStudioVersion = 16.0.28803.352
MinimumVisualStudioVersion = 10.0.40219.1
Project("{FAE04EC0-301F-11D3-BF4B-00C04F79EFBC}") = "IdentityAPI", "IdentityAPI\IdentityAPI.csproj", "{5266B9AA-2E95-4264-8368-85B9F1587389}"
EndProject
Global
	GlobalSection(SolutionConfigurationPlatforms) = preSolution
		Debug|Any CPU = Debug|Any CPU
		Release|Any CPU = Release|Any CPU
	EndGlobalSection
	GlobalSection(ProjectConfigurationPlatforms) = postSolution
		{5266B9AA-2E95-4264-8368-85B9F1587389}.Debug|Any CPU.ActiveCfg = Debug|Any CPU
		{5266B9AA-2E95-4264-8368-85B9F1587389}.Debug|Any CPU.Build.0 = Debug|Any CPU
		{5266B9AA-2E95-4264-8368-85B9F1587389}.Release|Any CPU.ActiveCfg = Release|Any CPU
		{5266B9AA-2E95-4264-8368-85B9F1587389}.Release|Any CPU.Build.0 = Release|Any CPU
	EndGlobalSection
	GlobalSection(SolutionProperties) = preSolution
		HideSolutionNode = FALSE
	EndGlobalSection
	GlobalSection(ExtensibilityGlobals) = postSolution
		SolutionGuid = {DFC0EE1C-02B1-4CE3-85F1-21C7D376163C}
	EndGlobalSection
EndGlobal
